
Microsoft Visual Studio Solution File, Format Version 12.00
# Visual Studio Version 17
VisualStudioVersion = 17.2.32630.192
MinimumVisualStudioVersion = 10.0.40219.1
Project("{9A19103F-16F7-4668-BE54-9A1E7A4F7556}") = "API", "API\API.csproj", "{7A411885-4EBA-42B2-9B8E-F0848349C9E8}"
EndProject
Project("{9A19103F-16F7-4668-BE54-9A1E7A4F7556}") = "Domain", "Domain\Domain.csproj", "{EC8DCFFE-5DEC-40E3-BD52-DF39F7AC942E}"
EndProject
Project("{9A19103F-16F7-4668-BE54-9A1E7A4F7556}") = "Shared", "Shared\Shared.csproj", "{EE00042C-244B-421A-8CCF-E71B1D0B2E45}"
EndProject
Project("{9A19103F-16F7-4668-BE54-9A1E7A4F7556}") = "Application", "Application\Application.csproj", "{E89E8098-F951-47D1-8069-2E1F7FF030A1}"
EndProject
Project("{9A19103F-16F7-4668-BE54-9A1E7A4F7556}") = "Infrastructure", "Infrastructure\Infrastructure.csproj", "{37A307D6-4ADE-43E3-9685-C121D54F870E}"
EndProject
Project("{2150E333-8FDC-42A3-9474-1A3956D46DE8}") = "Solution Items", "Solution Items", "{B2ABE667-DBD6-42F7-99B6-909B5D00A6AC}"
	ProjectSection(SolutionItems) = preProject
		.editorconfig = .editorconfig
	EndProjectSection
EndProject
Global
	GlobalSection(SolutionConfigurationPlatforms) = preSolution
		Debug|Any CPU = Debug|Any CPU
		Release|Any CPU = Release|Any CPU
	EndGlobalSection
	GlobalSection(ProjectConfigurationPlatforms) = postSolution
		{7A411885-4EBA-42B2-9B8E-F0848349C9E8}.Debug|Any CPU.ActiveCfg = Debug|Any CPU
		{7A411885-4EBA-42B2-9B8E-F0848349C9E8}.Debug|Any CPU.Build.0 = Debug|Any CPU
		{7A411885-4EBA-42B2-9B8E-F0848349C9E8}.Release|Any CPU.ActiveCfg = Release|Any CPU
		{7A411885-4EBA-42B2-9B8E-F0848349C9E8}.Release|Any CPU.Build.0 = Release|Any CPU
		{EC8DCFFE-5DEC-40E3-BD52-DF39F7AC942E}.Debug|Any CPU.ActiveCfg = Debug|Any CPU
		{EC8DCFFE-5DEC-40E3-BD52-DF39F7AC942E}.Debug|Any CPU.Build.0 = Debug|Any CPU
		{EC8DCFFE-5DEC-40E3-BD52-DF39F7AC942E}.Release|Any CPU.ActiveCfg = Release|Any CPU
		{EC8DCFFE-5DEC-40E3-BD52-DF39F7AC942E}.Release|Any CPU.Build.0 = Release|Any CPU
		{EE00042C-244B-421A-8CCF-E71B1D0B2E45}.Debug|Any CPU.ActiveCfg = Debug|Any CPU
		{EE00042C-244B-421A-8CCF-E71B1D0B2E45}.Debug|Any CPU.Build.0 = Debug|Any CPU
		{EE00042C-244B-421A-8CCF-E71B1D0B2E45}.Release|Any CPU.ActiveCfg = Release|Any CPU
		{EE00042C-244B-421A-8CCF-E71B1D0B2E45}.Release|Any CPU.Build.0 = Release|Any CPU
		{E89E8098-F951-47D1-8069-2E1F7FF030A1}.Debug|Any CPU.ActiveCfg = Debug|Any CPU
		{E89E8098-F951-47D1-8069-2E1F7FF030A1}.Debug|Any CPU.Build.0 = Debug|Any CPU
		{E89E8098-F951-47D1-8069-2E1F7FF030A1}.Release|Any CPU.ActiveCfg = Release|Any CPU
		{E89E8098-F951-47D1-8069-2E1F7FF030A1}.Release|Any CPU.Build.0 = Release|Any CPU
		{37A307D6-4ADE-43E3-9685-C121D54F870E}.Debug|Any CPU.ActiveCfg = Debug|Any CPU
		{37A307D6-4ADE-43E3-9685-C121D54F870E}.Debug|Any CPU.Build.0 = Debug|Any CPU
		{37A307D6-4ADE-43E3-9685-C121D54F870E}.Release|Any CPU.ActiveCfg = Release|Any CPU
		{37A307D6-4ADE-43E3-9685-C121D54F870E}.Release|Any CPU.Build.0 = Release|Any CPU
	EndGlobalSection
	GlobalSection(SolutionProperties) = preSolution
		HideSolutionNode = FALSE
	EndGlobalSection
	GlobalSection(ExtensibilityGlobals) = postSolution
		SolutionGuid = {411CC171-C396-44C1-8BE4-237C9BA0A1B2}
	EndGlobalSection
EndGlobal
